{
  "originHash" : "7bebf39623d98eca768fdfb84ae83a7ac2ce52262dbfa819221481df22e3dfd5",
  "pins" : [
    {
      "identity" : "reece-mobile-ios-design-system",
      "kind" : "remoteSourceControl",
      "location" : "https://github.com/reeceGuerra/reece-mobile-ios-design-system.git",
      "state" : {
        "revision" : "216a8c730a11266595b2d0721afac1b5ad469456",
        "version" : "2.0.3"
      }
    }
  ],
  "version" : 3
}
