{
  "originHash" : "b1361f5b346c9549b419874573339441eb85b80261b0b7c813cd61da4c399a50",
  "pins" : [
    {
      "identity" : "reece-mobile-ios-design-system",
      "kind" : "remoteSourceControl",
      "location" : "https://github.com/reeceGuerra/reece-mobile-ios-design-system",
      "state" : {
        "branch" : "main",
        "revision" : "5fed05dbda59d926e1077eee4fe096a8a536f7fc"
      }
    }
  ],
  "version" : 3
}
