{
  "originHash" : "7bebf39623d98eca768fdfb84ae83a7ac2ce52262dbfa819221481df22e3dfd5",
  "pins" : [
    {
      "identity" : "reece-mobile-ios-design-system",
      "kind" : "remoteSourceControl",
      "location" : "https://github.com/reeceGuerra/reece-mobile-ios-design-system.git",
      "state" : {
        "branch" : "main",
        "revision" : "6e38808c8bc50b15ef40a335c81cc04270c88e9e"
      }
    }
  ],
  "version" : 3
}
